
Microsoft Visual Studio Solution File, Format Version 12.00
# Visual Studio Version 16
VisualStudioVersion = 16.0.29519.87
MinimumVisualStudioVersion = 10.0.40219.1
Project("{9A19103F-16F7-4668-BE54-9A1E7A4F7556}") = "News.Core", "News.Core\News.Core.csproj", "{D8B4C228-5DCA-4E06-9E58-E3BAB032F756}"
EndProject
Project("{FAE04EC0-301F-11D3-BF4B-00C04F79EFBC}") = "News.Wpf", "News.Wpf\News.Wpf.csproj", "{C533AAF2-01B7-400C-ABF9-98C2DB06DAE5}"
EndProject
Global
	GlobalSection(SolutionConfigurationPlatforms) = preSolution
		Debug|Any CPU = Debug|Any CPU
		Release|Any CPU = Release|Any CPU
	EndGlobalSection
	GlobalSection(ProjectConfigurationPlatforms) = postSolution
		{D8B4C228-5DCA-4E06-9E58-E3BAB032F756}.Debug|Any CPU.ActiveCfg = Debug|Any CPU
		{D8B4C228-5DCA-4E06-9E58-E3BAB032F756}.Debug|Any CPU.Build.0 = Debug|Any CPU
		{D8B4C228-5DCA-4E06-9E58-E3BAB032F756}.Release|Any CPU.ActiveCfg = Release|Any CPU
		{D8B4C228-5DCA-4E06-9E58-E3BAB032F756}.Release|Any CPU.Build.0 = Release|Any CPU
		{C533AAF2-01B7-400C-ABF9-98C2DB06DAE5}.Debug|Any CPU.ActiveCfg = Debug|Any CPU
		{C533AAF2-01B7-400C-ABF9-98C2DB06DAE5}.Debug|Any CPU.Build.0 = Debug|Any CPU
		{C533AAF2-01B7-400C-ABF9-98C2DB06DAE5}.Release|Any CPU.ActiveCfg = Release|Any CPU
		{C533AAF2-01B7-400C-ABF9-98C2DB06DAE5}.Release|Any CPU.Build.0 = Release|Any CPU
	EndGlobalSection
	GlobalSection(SolutionProperties) = preSolution
		HideSolutionNode = FALSE
	EndGlobalSection
	GlobalSection(ExtensibilityGlobals) = postSolution
		SolutionGuid = {F42C26C0-862C-4F50-8CA3-5EE8B3CA662E}
	EndGlobalSection
EndGlobal
